
Microsoft Visual Studio Solution File, Format Version 12.00
# Visual Studio 15
VisualStudioVersion = 15.0.27428.2015
MinimumVisualStudioVersion = 10.0.40219.1
Project("{FAE04EC0-301F-11D3-BF4B-00C04F79EFBC}") = "Day01", "Day01\Day01.csproj", "{3221F0A8-5563-47D9-AF29-D8C3A3B463CE}"
EndProject
Project("{FAE04EC0-301F-11D3-BF4B-00C04F79EFBC}") = "Day02", "Day02\Day02.csproj", "{7B17E0A5-6844-4C15-B9F4-9B14F3DD4BD7}"
EndProject
Project("{FAE04EC0-301F-11D3-BF4B-00C04F79EFBC}") = "Day03", "Day03\Day03.csproj", "{5C60E8B5-3A9A-4846-AFAA-C939ECD2F94A}"
EndProject
Project("{FAE04EC0-301F-11D3-BF4B-00C04F79EFBC}") = "Day04", "Day04\Day04.csproj", "{726EB691-1DB5-40B5-A38A-34F37F65CBF1}"
EndProject
Project("{FAE04EC0-301F-11D3-BF4B-00C04F79EFBC}") = "Day05", "Day05\Day05.csproj", "{B734E4B4-4621-4582-A18B-138FABE7CFA2}"
EndProject
Project("{FAE04EC0-301F-11D3-BF4B-00C04F79EFBC}") = "Day06", "Day06\Day06.csproj", "{3519E1F7-5A7D-44C6-9442-9B6FB51934BD}"
EndProject
Project("{FAE04EC0-301F-11D3-BF4B-00C04F79EFBC}") = "Day07", "Day07\Day07.csproj", "{7D2EBD0B-E935-494E-B6CB-0A58C79EAFA4}"
EndProject
Project("{FAE04EC0-301F-11D3-BF4B-00C04F79EFBC}") = "Day08", "Day08\Day08.csproj", "{DF3CF5E3-29C9-4FF7-9FC9-0901C4F7953B}"
EndProject
Project("{FAE04EC0-301F-11D3-BF4B-00C04F79EFBC}") = "SharedUtilities", "SharedUtilities\SharedUtilities.csproj", "{438AA617-9684-4E60-8114-EDC62C0BB5A2}"
EndProject
Project("{FAE04EC0-301F-11D3-BF4B-00C04F79EFBC}") = "Day09", "Day09\Day09.csproj", "{BB6E6398-5E49-46C3-9C87-1B691A4B0F51}"
EndProject
Project("{FAE04EC0-301F-11D3-BF4B-00C04F79EFBC}") = "Day10", "Day10\Day10.csproj", "{20BA7484-AA6A-4240-8AD5-4791EE8A2D91}"
EndProject
Project("{FAE04EC0-301F-11D3-BF4B-00C04F79EFBC}") = "Day11", "Day11\Day11.csproj", "{15BA758B-F6C3-46F2-8388-C289004A7AC0}"
EndProject
Project("{FAE04EC0-301F-11D3-BF4B-00C04F79EFBC}") = "Day12", "Day12\Day12.csproj", "{B48CDA4B-8B84-4A36-A06B-911DFBE9E731}"
EndProject
Project("{FAE04EC0-301F-11D3-BF4B-00C04F79EFBC}") = "Day13", "Day13\Day13.csproj", "{94E1B199-C4A3-4B83-8830-B80DC171ED69}"
EndProject
Project("{FAE04EC0-301F-11D3-BF4B-00C04F79EFBC}") = "Day14", "Day14\Day14.csproj", "{AA33FA85-AD42-4B31-A750-C190F47ECA4D}"
EndProject
Project("{FAE04EC0-301F-11D3-BF4B-00C04F79EFBC}") = "Day15", "Day15\Day15.csproj", "{5BEC8B03-034F-4B8A-BDC8-0022B7ECA9C5}"
EndProject
Project("{FAE04EC0-301F-11D3-BF4B-00C04F79EFBC}") = "Day16", "Day16\Day16.csproj", "{4BE17209-5D57-441A-B364-0631A72704E1}"
EndProject
Project("{FAE04EC0-301F-11D3-BF4B-00C04F79EFBC}") = "Day17", "Day17\Day17.csproj", "{5A70BADB-4724-4226-AB15-0A4AC1C907B3}"
EndProject
Project("{FAE04EC0-301F-11D3-BF4B-00C04F79EFBC}") = "Day18", "Day18\Day18.csproj", "{EE334F91-01B3-4781-8A5F-3DA4D6726D16}"
EndProject
Project("{FAE04EC0-301F-11D3-BF4B-00C04F79EFBC}") = "Day19", "Day19\Day19.csproj", "{EC249306-0962-4330-A19F-69F3E26B85DA}"
EndProject
Project("{FAE04EC0-301F-11D3-BF4B-00C04F79EFBC}") = "Day20", "Day20\Day20.csproj", "{B3E85B50-F30F-4A53-8C6C-CD73437BB634}"
EndProject
Project("{FAE04EC0-301F-11D3-BF4B-00C04F79EFBC}") = "Day21", "Day21\Day21.csproj", "{240C0419-7D2C-45E3-A39B-7F05F9D097F5}"
EndProject
Project("{FAE04EC0-301F-11D3-BF4B-00C04F79EFBC}") = "Day22", "Day22\Day22.csproj", "{988827BB-CE07-46FB-896D-E8BEAE66825B}"
EndProject
Project("{FAE04EC0-301F-11D3-BF4B-00C04F79EFBC}") = "Day23", "Day23\Day23.csproj", "{E90E6C09-0432-461A-A619-E0ED47C8B114}"
EndProject
Project("{FAE04EC0-301F-11D3-BF4B-00C04F79EFBC}") = "Day24", "Day24\Day24.csproj", "{EADB78B7-990E-4901-8235-677DFB062DD4}"
EndProject
Project("{FAE04EC0-301F-11D3-BF4B-00C04F79EFBC}") = "Day25", "Day25\Day25.csproj", "{0D5E2290-E06D-4624-97CA-72316FA043B9}"
EndProject
Project("{FAE04EC0-301F-11D3-BF4B-00C04F79EFBC}") = "Day15WPF", "Day15WPF\Day15WPF.csproj", "{0FAFEA19-91E2-4646-A55B-D35344DCB5E7}"
EndProject
Project("{FAE04EC0-301F-11D3-BF4B-00C04F79EFBC}") = "Day18WPF", "Day18WPF\Day18WPF.csproj", "{ECCF4E32-55BE-49BA-B4AD-310030BC99A5}"
EndProject
Project("{FAE04EC0-301F-11D3-BF4B-00C04F79EFBC}") = "Day13WPF", "Day13WPF\Day13WPF.csproj", "{ECDE990A-E14B-4981-80FF-E4E8747AF4F4}"
EndProject
Project("{FAE04EC0-301F-11D3-BF4B-00C04F79EFBC}") = "Day17WPF", "Day17WPF\Day17WPF.csproj", "{87307C14-67C4-4A25-B1A7-580E4C52B475}"
EndProject
Project("{FAE04EC0-301F-11D3-BF4B-00C04F79EFBC}") = "Day03WPF", "Day03WPF\Day03WPF.csproj", "{5EB14E07-D87C-4CEF-860F-339EC789BBB9}"
EndProject
Global
	GlobalSection(SolutionConfigurationPlatforms) = preSolution
		Debug|Any CPU = Debug|Any CPU
		Release|Any CPU = Release|Any CPU
	EndGlobalSection
	GlobalSection(ProjectConfigurationPlatforms) = postSolution
		{3221F0A8-5563-47D9-AF29-D8C3A3B463CE}.Debug|Any CPU.ActiveCfg = Debug|Any CPU
		{3221F0A8-5563-47D9-AF29-D8C3A3B463CE}.Debug|Any CPU.Build.0 = Debug|Any CPU
		{3221F0A8-5563-47D9-AF29-D8C3A3B463CE}.Release|Any CPU.ActiveCfg = Release|Any CPU
		{3221F0A8-5563-47D9-AF29-D8C3A3B463CE}.Release|Any CPU.Build.0 = Release|Any CPU
		{7B17E0A5-6844-4C15-B9F4-9B14F3DD4BD7}.Debug|Any CPU.ActiveCfg = Debug|Any CPU
		{7B17E0A5-6844-4C15-B9F4-9B14F3DD4BD7}.Debug|Any CPU.Build.0 = Debug|Any CPU
		{7B17E0A5-6844-4C15-B9F4-9B14F3DD4BD7}.Release|Any CPU.ActiveCfg = Release|Any CPU
		{7B17E0A5-6844-4C15-B9F4-9B14F3DD4BD7}.Release|Any CPU.Build.0 = Release|Any CPU
		{5C60E8B5-3A9A-4846-AFAA-C939ECD2F94A}.Debug|Any CPU.ActiveCfg = Debug|Any CPU
		{5C60E8B5-3A9A-4846-AFAA-C939ECD2F94A}.Debug|Any CPU.Build.0 = Debug|Any CPU
		{5C60E8B5-3A9A-4846-AFAA-C939ECD2F94A}.Release|Any CPU.ActiveCfg = Release|Any CPU
		{5C60E8B5-3A9A-4846-AFAA-C939ECD2F94A}.Release|Any CPU.Build.0 = Release|Any CPU
		{726EB691-1DB5-40B5-A38A-34F37F65CBF1}.Debug|Any CPU.ActiveCfg = Debug|Any CPU
		{726EB691-1DB5-40B5-A38A-34F37F65CBF1}.Debug|Any CPU.Build.0 = Debug|Any CPU
		{726EB691-1DB5-40B5-A38A-34F37F65CBF1}.Release|Any CPU.ActiveCfg = Release|Any CPU
		{726EB691-1DB5-40B5-A38A-34F37F65CBF1}.Release|Any CPU.Build.0 = Release|Any CPU
		{B734E4B4-4621-4582-A18B-138FABE7CFA2}.Debug|Any CPU.ActiveCfg = Debug|Any CPU
		{B734E4B4-4621-4582-A18B-138FABE7CFA2}.Debug|Any CPU.Build.0 = Debug|Any CPU
		{B734E4B4-4621-4582-A18B-138FABE7CFA2}.Release|Any CPU.ActiveCfg = Release|Any CPU
		{B734E4B4-4621-4582-A18B-138FABE7CFA2}.Release|Any CPU.Build.0 = Release|Any CPU
		{3519E1F7-5A7D-44C6-9442-9B6FB51934BD}.Debug|Any CPU.ActiveCfg = Debug|Any CPU
		{3519E1F7-5A7D-44C6-9442-9B6FB51934BD}.Debug|Any CPU.Build.0 = Debug|Any CPU
		{3519E1F7-5A7D-44C6-9442-9B6FB51934BD}.Release|Any CPU.ActiveCfg = Release|Any CPU
		{3519E1F7-5A7D-44C6-9442-9B6FB51934BD}.Release|Any CPU.Build.0 = Release|Any CPU
		{7D2EBD0B-E935-494E-B6CB-0A58C79EAFA4}.Debug|Any CPU.ActiveCfg = Debug|Any CPU
		{7D2EBD0B-E935-494E-B6CB-0A58C79EAFA4}.Debug|Any CPU.Build.0 = Debug|Any CPU
		{7D2EBD0B-E935-494E-B6CB-0A58C79EAFA4}.Release|Any CPU.ActiveCfg = Release|Any CPU
		{7D2EBD0B-E935-494E-B6CB-0A58C79EAFA4}.Release|Any CPU.Build.0 = Release|Any CPU
		{DF3CF5E3-29C9-4FF7-9FC9-0901C4F7953B}.Debug|Any CPU.ActiveCfg = Debug|Any CPU
		{DF3CF5E3-29C9-4FF7-9FC9-0901C4F7953B}.Debug|Any CPU.Build.0 = Debug|Any CPU
		{DF3CF5E3-29C9-4FF7-9FC9-0901C4F7953B}.Release|Any CPU.ActiveCfg = Release|Any CPU
		{DF3CF5E3-29C9-4FF7-9FC9-0901C4F7953B}.Release|Any CPU.Build.0 = Release|Any CPU
		{438AA617-9684-4E60-8114-EDC62C0BB5A2}.Debug|Any CPU.ActiveCfg = Debug|Any CPU
		{438AA617-9684-4E60-8114-EDC62C0BB5A2}.Debug|Any CPU.Build.0 = Debug|Any CPU
		{438AA617-9684-4E60-8114-EDC62C0BB5A2}.Release|Any CPU.ActiveCfg = Release|Any CPU
		{438AA617-9684-4E60-8114-EDC62C0BB5A2}.Release|Any CPU.Build.0 = Release|Any CPU
		{BB6E6398-5E49-46C3-9C87-1B691A4B0F51}.Debug|Any CPU.ActiveCfg = Debug|Any CPU
		{BB6E6398-5E49-46C3-9C87-1B691A4B0F51}.Debug|Any CPU.Build.0 = Debug|Any CPU
		{BB6E6398-5E49-46C3-9C87-1B691A4B0F51}.Release|Any CPU.ActiveCfg = Release|Any CPU
		{BB6E6398-5E49-46C3-9C87-1B691A4B0F51}.Release|Any CPU.Build.0 = Release|Any CPU
		{20BA7484-AA6A-4240-8AD5-4791EE8A2D91}.Debug|Any CPU.ActiveCfg = Debug|Any CPU
		{20BA7484-AA6A-4240-8AD5-4791EE8A2D91}.Debug|Any CPU.Build.0 = Debug|Any CPU
		{20BA7484-AA6A-4240-8AD5-4791EE8A2D91}.Release|Any CPU.ActiveCfg = Release|Any CPU
		{20BA7484-AA6A-4240-8AD5-4791EE8A2D91}.Release|Any CPU.Build.0 = Release|Any CPU
		{15BA758B-F6C3-46F2-8388-C289004A7AC0}.Debug|Any CPU.ActiveCfg = Debug|Any CPU
		{15BA758B-F6C3-46F2-8388-C289004A7AC0}.Debug|Any CPU.Build.0 = Debug|Any CPU
		{15BA758B-F6C3-46F2-8388-C289004A7AC0}.Release|Any CPU.ActiveCfg = Release|Any CPU
		{15BA758B-F6C3-46F2-8388-C289004A7AC0}.Release|Any CPU.Build.0 = Release|Any CPU
		{B48CDA4B-8B84-4A36-A06B-911DFBE9E731}.Debug|Any CPU.ActiveCfg = Debug|Any CPU
		{B48CDA4B-8B84-4A36-A06B-911DFBE9E731}.Debug|Any CPU.Build.0 = Debug|Any CPU
		{B48CDA4B-8B84-4A36-A06B-911DFBE9E731}.Release|Any CPU.ActiveCfg = Release|Any CPU
		{B48CDA4B-8B84-4A36-A06B-911DFBE9E731}.Release|Any CPU.Build.0 = Release|Any CPU
		{94E1B199-C4A3-4B83-8830-B80DC171ED69}.Debug|Any CPU.ActiveCfg = Debug|Any CPU
		{94E1B199-C4A3-4B83-8830-B80DC171ED69}.Debug|Any CPU.Build.0 = Debug|Any CPU
		{94E1B199-C4A3-4B83-8830-B80DC171ED69}.Release|Any CPU.ActiveCfg = Release|Any CPU
		{94E1B199-C4A3-4B83-8830-B80DC171ED69}.Release|Any CPU.Build.0 = Release|Any CPU
		{AA33FA85-AD42-4B31-A750-C190F47ECA4D}.Debug|Any CPU.ActiveCfg = Debug|Any CPU
		{AA33FA85-AD42-4B31-A750-C190F47ECA4D}.Debug|Any CPU.Build.0 = Debug|Any CPU
		{AA33FA85-AD42-4B31-A750-C190F47ECA4D}.Release|Any CPU.ActiveCfg = Release|Any CPU
		{AA33FA85-AD42-4B31-A750-C190F47ECA4D}.Release|Any CPU.Build.0 = Release|Any CPU
		{5BEC8B03-034F-4B8A-BDC8-0022B7ECA9C5}.Debug|Any CPU.ActiveCfg = Debug|Any CPU
		{5BEC8B03-034F-4B8A-BDC8-0022B7ECA9C5}.Debug|Any CPU.Build.0 = Debug|Any CPU
		{5BEC8B03-034F-4B8A-BDC8-0022B7ECA9C5}.Release|Any CPU.ActiveCfg = Release|Any CPU
		{5BEC8B03-034F-4B8A-BDC8-0022B7ECA9C5}.Release|Any CPU.Build.0 = Release|Any CPU
		{4BE17209-5D57-441A-B364-0631A72704E1}.Debug|Any CPU.ActiveCfg = Debug|Any CPU
		{4BE17209-5D57-441A-B364-0631A72704E1}.Debug|Any CPU.Build.0 = Debug|Any CPU
		{4BE17209-5D57-441A-B364-0631A72704E1}.Release|Any CPU.ActiveCfg = Release|Any CPU
		{4BE17209-5D57-441A-B364-0631A72704E1}.Release|Any CPU.Build.0 = Release|Any CPU
		{5A70BADB-4724-4226-AB15-0A4AC1C907B3}.Debug|Any CPU.ActiveCfg = Debug|Any CPU
		{5A70BADB-4724-4226-AB15-0A4AC1C907B3}.Debug|Any CPU.Build.0 = Debug|Any CPU
		{5A70BADB-4724-4226-AB15-0A4AC1C907B3}.Release|Any CPU.ActiveCfg = Release|Any CPU
		{5A70BADB-4724-4226-AB15-0A4AC1C907B3}.Release|Any CPU.Build.0 = Release|Any CPU
		{EE334F91-01B3-4781-8A5F-3DA4D6726D16}.Debug|Any CPU.ActiveCfg = Debug|Any CPU
		{EE334F91-01B3-4781-8A5F-3DA4D6726D16}.Debug|Any CPU.Build.0 = Debug|Any CPU
		{EE334F91-01B3-4781-8A5F-3DA4D6726D16}.Release|Any CPU.ActiveCfg = Release|Any CPU
		{EE334F91-01B3-4781-8A5F-3DA4D6726D16}.Release|Any CPU.Build.0 = Release|Any CPU
		{EC249306-0962-4330-A19F-69F3E26B85DA}.Debug|Any CPU.ActiveCfg = Debug|Any CPU
		{EC249306-0962-4330-A19F-69F3E26B85DA}.Debug|Any CPU.Build.0 = Debug|Any CPU
		{EC249306-0962-4330-A19F-69F3E26B85DA}.Release|Any CPU.ActiveCfg = Release|Any CPU
		{EC249306-0962-4330-A19F-69F3E26B85DA}.Release|Any CPU.Build.0 = Release|Any CPU
		{B3E85B50-F30F-4A53-8C6C-CD73437BB634}.Debug|Any CPU.ActiveCfg = Debug|Any CPU
		{B3E85B50-F30F-4A53-8C6C-CD73437BB634}.Debug|Any CPU.Build.0 = Debug|Any CPU
		{B3E85B50-F30F-4A53-8C6C-CD73437BB634}.Release|Any CPU.ActiveCfg = Release|Any CPU
		{B3E85B50-F30F-4A53-8C6C-CD73437BB634}.Release|Any CPU.Build.0 = Release|Any CPU
		{240C0419-7D2C-45E3-A39B-7F05F9D097F5}.Debug|Any CPU.ActiveCfg = Debug|Any CPU
		{240C0419-7D2C-45E3-A39B-7F05F9D097F5}.Debug|Any CPU.Build.0 = Debug|Any CPU
		{240C0419-7D2C-45E3-A39B-7F05F9D097F5}.Release|Any CPU.ActiveCfg = Release|Any CPU
		{240C0419-7D2C-45E3-A39B-7F05F9D097F5}.Release|Any CPU.Build.0 = Release|Any CPU
		{988827BB-CE07-46FB-896D-E8BEAE66825B}.Debug|Any CPU.ActiveCfg = Debug|Any CPU
		{988827BB-CE07-46FB-896D-E8BEAE66825B}.Debug|Any CPU.Build.0 = Debug|Any CPU
		{988827BB-CE07-46FB-896D-E8BEAE66825B}.Release|Any CPU.ActiveCfg = Release|Any CPU
		{988827BB-CE07-46FB-896D-E8BEAE66825B}.Release|Any CPU.Build.0 = Release|Any CPU
		{E90E6C09-0432-461A-A619-E0ED47C8B114}.Debug|Any CPU.ActiveCfg = Debug|Any CPU
		{E90E6C09-0432-461A-A619-E0ED47C8B114}.Debug|Any CPU.Build.0 = Debug|Any CPU
		{E90E6C09-0432-461A-A619-E0ED47C8B114}.Release|Any CPU.ActiveCfg = Release|Any CPU
		{E90E6C09-0432-461A-A619-E0ED47C8B114}.Release|Any CPU.Build.0 = Release|Any CPU
		{EADB78B7-990E-4901-8235-677DFB062DD4}.Debug|Any CPU.ActiveCfg = Debug|Any CPU
		{EADB78B7-990E-4901-8235-677DFB062DD4}.Debug|Any CPU.Build.0 = Debug|Any CPU
		{EADB78B7-990E-4901-8235-677DFB062DD4}.Release|Any CPU.ActiveCfg = Release|Any CPU
		{EADB78B7-990E-4901-8235-677DFB062DD4}.Release|Any CPU.Build.0 = Release|Any CPU
		{0D5E2290-E06D-4624-97CA-72316FA043B9}.Debug|Any CPU.ActiveCfg = Debug|Any CPU
		{0D5E2290-E06D-4624-97CA-72316FA043B9}.Debug|Any CPU.Build.0 = Debug|Any CPU
		{0D5E2290-E06D-4624-97CA-72316FA043B9}.Release|Any CPU.ActiveCfg = Release|Any CPU
		{0D5E2290-E06D-4624-97CA-72316FA043B9}.Release|Any CPU.Build.0 = Release|Any CPU
		{0FAFEA19-91E2-4646-A55B-D35344DCB5E7}.Debug|Any CPU.ActiveCfg = Debug|Any CPU
		{0FAFEA19-91E2-4646-A55B-D35344DCB5E7}.Debug|Any CPU.Build.0 = Debug|Any CPU
		{0FAFEA19-91E2-4646-A55B-D35344DCB5E7}.Release|Any CPU.ActiveCfg = Release|Any CPU
		{0FAFEA19-91E2-4646-A55B-D35344DCB5E7}.Release|Any CPU.Build.0 = Release|Any CPU
		{ECCF4E32-55BE-49BA-B4AD-310030BC99A5}.Debug|Any CPU.ActiveCfg = Debug|Any CPU
		{ECCF4E32-55BE-49BA-B4AD-310030BC99A5}.Debug|Any CPU.Build.0 = Debug|Any CPU
		{ECCF4E32-55BE-49BA-B4AD-310030BC99A5}.Release|Any CPU.ActiveCfg = Release|Any CPU
		{ECCF4E32-55BE-49BA-B4AD-310030BC99A5}.Release|Any CPU.Build.0 = Release|Any CPU
		{ECDE990A-E14B-4981-80FF-E4E8747AF4F4}.Debug|Any CPU.ActiveCfg = Debug|Any CPU
		{ECDE990A-E14B-4981-80FF-E4E8747AF4F4}.Debug|Any CPU.Build.0 = Debug|Any CPU
		{ECDE990A-E14B-4981-80FF-E4E8747AF4F4}.Release|Any CPU.ActiveCfg = Release|Any CPU
		{ECDE990A-E14B-4981-80FF-E4E8747AF4F4}.Release|Any CPU.Build.0 = Release|Any CPU
		{87307C14-67C4-4A25-B1A7-580E4C52B475}.Debug|Any CPU.ActiveCfg = Debug|Any CPU
		{87307C14-67C4-4A25-B1A7-580E4C52B475}.Debug|Any CPU.Build.0 = Debug|Any CPU
		{87307C14-67C4-4A25-B1A7-580E4C52B475}.Release|Any CPU.ActiveCfg = Release|Any CPU
		{87307C14-67C4-4A25-B1A7-580E4C52B475}.Release|Any CPU.Build.0 = Release|Any CPU
		{5EB14E07-D87C-4CEF-860F-339EC789BBB9}.Debug|Any CPU.ActiveCfg = Debug|Any CPU
		{5EB14E07-D87C-4CEF-860F-339EC789BBB9}.Debug|Any CPU.Build.0 = Debug|Any CPU
		{5EB14E07-D87C-4CEF-860F-339EC789BBB9}.Release|Any CPU.ActiveCfg = Release|Any CPU
		{5EB14E07-D87C-4CEF-860F-339EC789BBB9}.Release|Any CPU.Build.0 = Release|Any CPU
	EndGlobalSection
	GlobalSection(SolutionProperties) = preSolution
		HideSolutionNode = FALSE
	EndGlobalSection
	GlobalSection(ExtensibilityGlobals) = postSolution
		SolutionGuid = {237077F9-951D-4816-AB76-C45F4A270ABA}
	EndGlobalSection
EndGlobal
